
Microsoft Visual Studio Solution File, Format Version 12.00
# Visual Studio Version 16
VisualStudioVersion = 16.0.31112.23
MinimumVisualStudioVersion = 10.0.40219.1
Project("{FAE04EC0-301F-11D3-BF4B-00C04F79EFBC}") = "test", "test\test.csproj", "{7F76A3E5-53D4-4E4B-AA51-02EBD7479E55}"
EndProject
Global
	GlobalSection(SolutionConfigurationPlatforms) = preSolution
		Debug|Any CPU = Debug|Any CPU
		Release|Any CPU = Release|Any CPU
	EndGlobalSection
	GlobalSection(ProjectConfigurationPlatforms) = postSolution
		{7F76A3E5-53D4-4E4B-AA51-02EBD7479E55}.Debug|Any CPU.ActiveCfg = Debug|Any CPU
		{7F76A3E5-53D4-4E4B-AA51-02EBD7479E55}.Debug|Any CPU.Build.0 = Debug|Any CPU
		{7F76A3E5-53D4-4E4B-AA51-02EBD7479E55}.Release|Any CPU.ActiveCfg = Release|Any CPU
		{7F76A3E5-53D4-4E4B-AA51-02EBD7479E55}.Release|Any CPU.Build.0 = Release|Any CPU
	EndGlobalSection
	GlobalSection(SolutionProperties) = preSolution
		HideSolutionNode = FALSE
	EndGlobalSection
	GlobalSection(ExtensibilityGlobals) = postSolution
		SolutionGuid = {44291CED-501F-46C1-8B89-C5730A3C810B}
	EndGlobalSection
EndGlobal
